
Microsoft Visual Studio Solution File, Format Version 12.00
Project("{FAE04EC0-301F-11D3-BF4B-00C04F79EFBC}") = "AspNetSpa1", "AspNetSpa1\AspNetSpa1.csproj", "{FCAFBC59-6F9F-4399-928D-EA7B15C6B441}"
EndProject
Global
	GlobalSection(SolutionConfigurationPlatforms) = preSolution
		Debug|Any CPU = Debug|Any CPU
		Release|Any CPU = Release|Any CPU
	EndGlobalSection
	GlobalSection(ProjectConfigurationPlatforms) = postSolution
		{FCAFBC59-6F9F-4399-928D-EA7B15C6B441}.Debug|Any CPU.ActiveCfg = Debug|Any CPU
		{FCAFBC59-6F9F-4399-928D-EA7B15C6B441}.Debug|Any CPU.Build.0 = Debug|Any CPU
		{FCAFBC59-6F9F-4399-928D-EA7B15C6B441}.Release|Any CPU.ActiveCfg = Release|Any CPU
		{FCAFBC59-6F9F-4399-928D-EA7B15C6B441}.Release|Any CPU.Build.0 = Release|Any CPU
	EndGlobalSection
EndGlobal
